
Microsoft Visual Studio Solution File, Format Version 12.00
# Visual Studio 15
VisualStudioVersion = 15.0.26124.0
MinimumVisualStudioVersion = 15.0.26124.0
Project("{9A19103F-16F7-4668-BE54-9A1E7A4F7556}") = "Common", "Common\Common.csproj", "{D8B6EAA0-345B-4EA0-93A1-7842253FE404}"
EndProject
Project("{9A19103F-16F7-4668-BE54-9A1E7A4F7556}") = "TestConsoleApp", "TestConsoleApp\TestConsoleApp.csproj", "{AD2E980C-DAA1-466F-BD0B-CC18052509F0}"
EndProject
Project("{FAE04EC0-301F-11D3-BF4B-00C04F79EFBC}") = "TestWebClientServer", "TestWebClientServer\TestWebClientServer.csproj", "{B2E5DD5D-F361-48CD-8265-278A4514E382}"
EndProject
Global
	GlobalSection(SolutionConfigurationPlatforms) = preSolution
		Debug|Any CPU = Debug|Any CPU
		Debug|x64 = Debug|x64
		Debug|x86 = Debug|x86
		Release|Any CPU = Release|Any CPU
		Release|x64 = Release|x64
		Release|x86 = Release|x86
	EndGlobalSection
	GlobalSection(ProjectConfigurationPlatforms) = postSolution
		{D8B6EAA0-345B-4EA0-93A1-7842253FE404}.Debug|Any CPU.ActiveCfg = Debug|Any CPU
		{D8B6EAA0-345B-4EA0-93A1-7842253FE404}.Debug|Any CPU.Build.0 = Debug|Any CPU
		{D8B6EAA0-345B-4EA0-93A1-7842253FE404}.Debug|x64.ActiveCfg = Debug|Any CPU
		{D8B6EAA0-345B-4EA0-93A1-7842253FE404}.Debug|x64.Build.0 = Debug|Any CPU
		{D8B6EAA0-345B-4EA0-93A1-7842253FE404}.Debug|x86.ActiveCfg = Debug|Any CPU
		{D8B6EAA0-345B-4EA0-93A1-7842253FE404}.Debug|x86.Build.0 = Debug|Any CPU
		{D8B6EAA0-345B-4EA0-93A1-7842253FE404}.Release|Any CPU.ActiveCfg = Release|Any CPU
		{D8B6EAA0-345B-4EA0-93A1-7842253FE404}.Release|Any CPU.Build.0 = Release|Any CPU
		{D8B6EAA0-345B-4EA0-93A1-7842253FE404}.Release|x64.ActiveCfg = Release|Any CPU
		{D8B6EAA0-345B-4EA0-93A1-7842253FE404}.Release|x64.Build.0 = Release|Any CPU
		{D8B6EAA0-345B-4EA0-93A1-7842253FE404}.Release|x86.ActiveCfg = Release|Any CPU
		{D8B6EAA0-345B-4EA0-93A1-7842253FE404}.Release|x86.Build.0 = Release|Any CPU
		{AD2E980C-DAA1-466F-BD0B-CC18052509F0}.Debug|Any CPU.ActiveCfg = Debug|Any CPU
		{AD2E980C-DAA1-466F-BD0B-CC18052509F0}.Debug|Any CPU.Build.0 = Debug|Any CPU
		{AD2E980C-DAA1-466F-BD0B-CC18052509F0}.Debug|x64.ActiveCfg = Debug|Any CPU
		{AD2E980C-DAA1-466F-BD0B-CC18052509F0}.Debug|x64.Build.0 = Debug|Any CPU
		{AD2E980C-DAA1-466F-BD0B-CC18052509F0}.Debug|x86.ActiveCfg = Debug|Any CPU
		{AD2E980C-DAA1-466F-BD0B-CC18052509F0}.Debug|x86.Build.0 = Debug|Any CPU
		{AD2E980C-DAA1-466F-BD0B-CC18052509F0}.Release|Any CPU.ActiveCfg = Release|Any CPU
		{AD2E980C-DAA1-466F-BD0B-CC18052509F0}.Release|Any CPU.Build.0 = Release|Any CPU
		{AD2E980C-DAA1-466F-BD0B-CC18052509F0}.Release|x64.ActiveCfg = Release|Any CPU
		{AD2E980C-DAA1-466F-BD0B-CC18052509F0}.Release|x64.Build.0 = Release|Any CPU
		{AD2E980C-DAA1-466F-BD0B-CC18052509F0}.Release|x86.ActiveCfg = Release|Any CPU
		{AD2E980C-DAA1-466F-BD0B-CC18052509F0}.Release|x86.Build.0 = Release|Any CPU
		{B2E5DD5D-F361-48CD-8265-278A4514E382}.Debug|Any CPU.ActiveCfg = Debug|Any CPU
		{B2E5DD5D-F361-48CD-8265-278A4514E382}.Debug|Any CPU.Build.0 = Debug|Any CPU
		{B2E5DD5D-F361-48CD-8265-278A4514E382}.Debug|x64.ActiveCfg = Debug|Any CPU
		{B2E5DD5D-F361-48CD-8265-278A4514E382}.Debug|x64.Build.0 = Debug|Any CPU
		{B2E5DD5D-F361-48CD-8265-278A4514E382}.Debug|x86.ActiveCfg = Debug|Any CPU
		{B2E5DD5D-F361-48CD-8265-278A4514E382}.Debug|x86.Build.0 = Debug|Any CPU
		{B2E5DD5D-F361-48CD-8265-278A4514E382}.Release|Any CPU.ActiveCfg = Release|Any CPU
		{B2E5DD5D-F361-48CD-8265-278A4514E382}.Release|Any CPU.Build.0 = Release|Any CPU
		{B2E5DD5D-F361-48CD-8265-278A4514E382}.Release|x64.ActiveCfg = Release|Any CPU
		{B2E5DD5D-F361-48CD-8265-278A4514E382}.Release|x64.Build.0 = Release|Any CPU
		{B2E5DD5D-F361-48CD-8265-278A4514E382}.Release|x86.ActiveCfg = Release|Any CPU
		{B2E5DD5D-F361-48CD-8265-278A4514E382}.Release|x86.Build.0 = Release|Any CPU
	EndGlobalSection
	GlobalSection(SolutionProperties) = preSolution
		HideSolutionNode = FALSE
	EndGlobalSection
	GlobalSection(ExtensibilityGlobals) = postSolution
		SolutionGuid = {74393EF6-070C-4A5A-848E-A46D3859BE0E}
	EndGlobalSection
EndGlobal
